{
  "projects": [
    {
      "projectId": "9mqNJRrUCJdF1Qi4kUEnK1",
      "version": "latest",
      "dependencies": {},
      "lang": "ts",
      "fileLocks": [
        {
          "type": "globalVariant",
          "assetId": "5WudJONqca",
          "checksum": "63da3616025b050295e37474dcd16cbe"
        },
        {
          "type": "renderModule",
          "assetId": "kyoneW7tS_",
          "checksum": "5f782c6a6cf519bc1bbba78e065fe234"
        },
        {
          "type": "cssRules",
          "assetId": "kyoneW7tS_",
          "checksum": "5f782c6a6cf519bc1bbba78e065fe234"
        },
        {
          "type": "image",
          "assetId": "xz2gRyXZK",
          "checksum": "ede43a9867a1b725f8491556c3e34358"
        },
        {
          "type": "renderModule",
          "assetId": "KxQ-6Oe5Yl",
          "checksum": "fe2dd39632f551c54be285c258fa0543"
        },
        {
          "type": "cssRules",
          "assetId": "KxQ-6Oe5Yl",
          "checksum": "fe2dd39632f551c54be285c258fa0543"
        },
        {
          "type": "renderModule",
          "assetId": "TR4BFzjq4x",
          "checksum": "b812a315f3ac1a2ad45e99f2b2bdd47f"
        },
        {
          "type": "cssRules",
          "assetId": "TR4BFzjq4x",
          "checksum": "b812a315f3ac1a2ad45e99f2b2bdd47f"
        },
        {
          "type": "image",
          "assetId": "Ud4i-QwEl",
          "checksum": "9ec98ebbd678527f4e9df15ae2e6619b"
        },
        {
          "type": "renderModule",
          "assetId": "iLkYtMJ5YQ",
          "checksum": "ece442fa200302cda4a32ff02818283f"
        },
        {
          "type": "cssRules",
          "assetId": "iLkYtMJ5YQ",
          "checksum": "ece442fa200302cda4a32ff02818283f"
        },
        {
          "type": "renderModule",
          "assetId": "ds4yKdokUn",
          "checksum": "66ac49efc91db1626d222b1292af364c"
        },
        {
          "type": "cssRules",
          "assetId": "ds4yKdokUn",
          "checksum": "66ac49efc91db1626d222b1292af364c"
        },
        {
          "type": "renderModule",
          "assetId": "KMaiExXsEA",
          "checksum": "a92321c75bb65b743c8050a1bdd5fe0a"
        },
        {
          "type": "cssRules",
          "assetId": "KMaiExXsEA",
          "checksum": "a92321c75bb65b743c8050a1bdd5fe0a"
        },
        {
          "type": "renderModule",
          "assetId": "UoBPAHd4v2",
          "checksum": "762615ce9aae3f5bcb87b5e14abee129"
        },
        {
          "type": "cssRules",
          "assetId": "UoBPAHd4v2",
          "checksum": "762615ce9aae3f5bcb87b5e14abee129"
        },
        {
          "type": "renderModule",
          "assetId": "XtbwwYm6Vx",
          "checksum": "87597a887cd828d94810f59a5c561a77"
        },
        {
          "type": "cssRules",
          "assetId": "XtbwwYm6Vx",
          "checksum": "87597a887cd828d94810f59a5c561a77"
        },
        {
          "type": "renderModule",
          "assetId": "-MewncD7Wg3",
          "checksum": "0980358513fd1a2ba726fdc07156c762"
        },
        {
          "type": "cssRules",
          "assetId": "-MewncD7Wg3",
          "checksum": "0980358513fd1a2ba726fdc07156c762"
        },
        {
          "type": "renderModule",
          "assetId": "lXfsMEnWoU",
          "checksum": "cb71b34549ed44891e6131c53dd8e486"
        },
        {
          "type": "cssRules",
          "assetId": "lXfsMEnWoU",
          "checksum": "cb71b34549ed44891e6131c53dd8e486"
        },
        {
          "type": "icon",
          "assetId": "fMAKgq5kC",
          "checksum": "f562de4e6e941f9e9c4edd9631ddca7b"
        },
        {
          "type": "icon",
          "assetId": "uWFrTHISq",
          "checksum": "7edf5c707f98f9b8cb841f9fe284872f"
        },
        {
          "type": "icon",
          "assetId": "p1duHFCHl",
          "checksum": "9cfee33ceeadc74ece382a3aaec839e5"
        },
        {
          "type": "icon",
          "assetId": "O8HA5RKUW",
          "checksum": "7055cd56cec01cd4d535d3ea6cb17a01"
        },
        {
          "type": "icon",
          "assetId": "3A6Fw1dQU",
          "checksum": "cd8d0ce1ba58cf50db478f8d2647cc92"
        },
        {
          "type": "image",
          "assetId": "3OnWghqLS",
          "checksum": "5ceb51489b3fe3b9167990338927a44e"
        },
        {
          "type": "renderModule",
          "assetId": "79e3ncUiiG",
          "checksum": "3c27999f69ad8bc86ef9e15dac9e55b9"
        },
        {
          "type": "cssRules",
          "assetId": "79e3ncUiiG",
          "checksum": "3c27999f69ad8bc86ef9e15dac9e55b9"
        },
        {
          "type": "image",
          "assetId": "F_Jj8dHbg",
          "checksum": "22a8026d7765034072fb95aae964f290"
        },
        {
          "type": "renderModule",
          "assetId": "hVvONWSKSkN",
          "checksum": "3e77f9160547a6a62978f86b9bfdf166"
        },
        {
          "type": "cssRules",
          "assetId": "hVvONWSKSkN",
          "checksum": "3e77f9160547a6a62978f86b9bfdf166"
        },
        {
          "type": "renderModule",
          "assetId": "xUitMmxl0F",
          "checksum": "b14c31a326a1a9304b62974286234f05"
        },
        {
          "type": "cssRules",
          "assetId": "xUitMmxl0F",
          "checksum": "b14c31a326a1a9304b62974286234f05"
        },
        {
          "type": "icon",
          "assetId": "eE8sP416E",
          "checksum": "6c4c19d8c64ce30be545b6c07cc85442"
        },
        {
          "type": "icon",
          "assetId": "zxnLx8ips",
          "checksum": "12ea2b728398ab2a1723e044660bc702"
        },
        {
          "type": "image",
          "assetId": "g5NBYZy2W",
          "checksum": "41c4788f12ea564ab1dff871c84d683a"
        },
        {
          "type": "image",
          "assetId": "usX8Yg7pG",
          "checksum": "23550634ec08492fcfd2701d350aa965"
        },
        {
          "type": "renderModule",
          "assetId": "jYoV5jA9Oa",
          "checksum": "b0d2fe7d9d8e78526c3ef71a2a0e9169"
        },
        {
          "type": "cssRules",
          "assetId": "jYoV5jA9Oa",
          "checksum": "b0d2fe7d9d8e78526c3ef71a2a0e9169"
        },
        {
          "type": "renderModule",
          "assetId": "HMhxayluTN",
          "checksum": "d900dd62ae5eaab99a4135859a0f30c1"
        },
        {
          "type": "cssRules",
          "assetId": "HMhxayluTN",
          "checksum": "d900dd62ae5eaab99a4135859a0f30c1"
        },
        {
          "assetId": "9mqNJRrUCJdF1Qi4kUEnK1",
          "type": "projectCss",
          "checksum": "f6cae5fd2eeb2858bcf9081c052394d0"
        }
      ]
    },
    {
      "projectId": "cZvgi7fsWKqWqy5TXtQdgQ",
      "version": "2.1.0",
      "dependencies": {},
      "lang": "ts",
      "fileLocks": [
        {
          "type": "globalVariant",
          "assetId": "8D6YF60RGqb",
          "checksum": "329b16be82a5618529e6bcf1c0f92131"
        }
      ]
    }
  ],
  "cliVersion": "0.1.166"
}
