{
  "projects": [
    {
      "projectId": "9mqNJRrUCJdF1Qi4kUEnK1",
      "version": "latest",
      "dependencies": {},
      "lang": "ts",
      "fileLocks": [
        {
          "type": "globalVariant",
          "assetId": "5WudJONqca",
          "checksum": "63da3616025b050295e37474dcd16cbe"
        },
        {
          "type": "renderModule",
          "assetId": "kyoneW7tS_",
          "checksum": "9fd283fdc4a4015535876dcecc7c10ce"
        },
        {
          "type": "cssRules",
          "assetId": "kyoneW7tS_",
          "checksum": "9fd283fdc4a4015535876dcecc7c10ce"
        },
        {
          "type": "image",
          "assetId": "xz2gRyXZK",
          "checksum": "ede43a9867a1b725f8491556c3e34358"
        },
        {
          "type": "renderModule",
          "assetId": "KxQ-6Oe5Yl",
          "checksum": "511beaed78378c426f1c2b8ab026c292"
        },
        {
          "type": "cssRules",
          "assetId": "KxQ-6Oe5Yl",
          "checksum": "511beaed78378c426f1c2b8ab026c292"
        },
        {
          "type": "renderModule",
          "assetId": "TR4BFzjq4x",
          "checksum": "b812a315f3ac1a2ad45e99f2b2bdd47f"
        },
        {
          "type": "cssRules",
          "assetId": "TR4BFzjq4x",
          "checksum": "b812a315f3ac1a2ad45e99f2b2bdd47f"
        },
        {
          "type": "image",
          "assetId": "Ud4i-QwEl",
          "checksum": "9ec98ebbd678527f4e9df15ae2e6619b"
        },
        {
          "type": "renderModule",
          "assetId": "iLkYtMJ5YQ",
          "checksum": "ece442fa200302cda4a32ff02818283f"
        },
        {
          "type": "cssRules",
          "assetId": "iLkYtMJ5YQ",
          "checksum": "ece442fa200302cda4a32ff02818283f"
        },
        {
          "type": "renderModule",
          "assetId": "ds4yKdokUn",
          "checksum": "66ac49efc91db1626d222b1292af364c"
        },
        {
          "type": "cssRules",
          "assetId": "ds4yKdokUn",
          "checksum": "66ac49efc91db1626d222b1292af364c"
        },
        {
          "type": "renderModule",
          "assetId": "KMaiExXsEA",
          "checksum": "c025a8d8510d60a05d4b8e7dc2a14f3f"
        },
        {
          "type": "cssRules",
          "assetId": "KMaiExXsEA",
          "checksum": "c025a8d8510d60a05d4b8e7dc2a14f3f"
        },
        {
          "type": "renderModule",
          "assetId": "XtbwwYm6Vx",
          "checksum": "87597a887cd828d94810f59a5c561a77"
        },
        {
          "type": "cssRules",
          "assetId": "XtbwwYm6Vx",
          "checksum": "87597a887cd828d94810f59a5c561a77"
        },
        {
          "type": "renderModule",
          "assetId": "-MewncD7Wg3",
          "checksum": "0980358513fd1a2ba726fdc07156c762"
        },
        {
          "type": "cssRules",
          "assetId": "-MewncD7Wg3",
          "checksum": "0980358513fd1a2ba726fdc07156c762"
        },
        {
          "type": "renderModule",
          "assetId": "lXfsMEnWoU",
          "checksum": "1df7ad5a7528b9768ed7a7fcad9ee39b"
        },
        {
          "type": "cssRules",
          "assetId": "lXfsMEnWoU",
          "checksum": "1df7ad5a7528b9768ed7a7fcad9ee39b"
        },
        {
          "type": "icon",
          "assetId": "fMAKgq5kC",
          "checksum": "f562de4e6e941f9e9c4edd9631ddca7b"
        },
        {
          "type": "icon",
          "assetId": "uWFrTHISq",
          "checksum": "7edf5c707f98f9b8cb841f9fe284872f"
        },
        {
          "type": "icon",
          "assetId": "p1duHFCHl",
          "checksum": "9cfee33ceeadc74ece382a3aaec839e5"
        },
        {
          "type": "icon",
          "assetId": "O8HA5RKUW",
          "checksum": "7055cd56cec01cd4d535d3ea6cb17a01"
        },
        {
          "type": "icon",
          "assetId": "3A6Fw1dQU",
          "checksum": "cd8d0ce1ba58cf50db478f8d2647cc92"
        },
        {
          "type": "image",
          "assetId": "3OnWghqLS",
          "checksum": "5ceb51489b3fe3b9167990338927a44e"
        },
        {
          "type": "renderModule",
          "assetId": "79e3ncUiiG",
          "checksum": "3c27999f69ad8bc86ef9e15dac9e55b9"
        },
        {
          "type": "cssRules",
          "assetId": "79e3ncUiiG",
          "checksum": "3c27999f69ad8bc86ef9e15dac9e55b9"
        },
        {
          "type": "image",
          "assetId": "F_Jj8dHbg",
          "checksum": "22a8026d7765034072fb95aae964f290"
        },
        {
          "type": "renderModule",
          "assetId": "hVvONWSKSkN",
          "checksum": "bda6c7e0ebd9ade341d5bf073676e366"
        },
        {
          "type": "cssRules",
          "assetId": "hVvONWSKSkN",
          "checksum": "bda6c7e0ebd9ade341d5bf073676e366"
        },
        {
          "type": "renderModule",
          "assetId": "xUitMmxl0F",
          "checksum": "b14c31a326a1a9304b62974286234f05"
        },
        {
          "type": "cssRules",
          "assetId": "xUitMmxl0F",
          "checksum": "b14c31a326a1a9304b62974286234f05"
        },
        {
          "type": "icon",
          "assetId": "eE8sP416E",
          "checksum": "6c4c19d8c64ce30be545b6c07cc85442"
        },
        {
          "type": "icon",
          "assetId": "zxnLx8ips",
          "checksum": "12ea2b728398ab2a1723e044660bc702"
        },
        {
          "type": "image",
          "assetId": "g5NBYZy2W",
          "checksum": "41c4788f12ea564ab1dff871c84d683a"
        },
        {
          "type": "image",
          "assetId": "usX8Yg7pG",
          "checksum": "23550634ec08492fcfd2701d350aa965"
        },
        {
          "type": "renderModule",
          "assetId": "rmbHJKVaT7",
          "checksum": "efdf347b1aad472c7c3591a5c43e00e9"
        },
        {
          "type": "cssRules",
          "assetId": "rmbHJKVaT7",
          "checksum": "efdf347b1aad472c7c3591a5c43e00e9"
        },
        {
          "type": "icon",
          "assetId": "OZ16LYpjm",
          "checksum": "45d442171586ffae4b8677a9827a2b81"
        },
        {
          "type": "icon",
          "assetId": "Tj9Hf2bUy",
          "checksum": "aa07455def353b27f0b05779ae072268"
        },
        {
          "type": "icon",
          "assetId": "Y6M1qj5AP",
          "checksum": "782876a3aab6fd02140cd0d7f174ca30"
        },
        {
          "type": "image",
          "assetId": "rs3uQzUly",
          "checksum": "0a92c1fad3508a7254a6010ba64fbe55"
        },
        {
          "type": "renderModule",
          "assetId": "kdjInOKPb0",
          "checksum": "4dafd30d120f3e99f6ff8fe4907ca427"
        },
        {
          "type": "cssRules",
          "assetId": "kdjInOKPb0",
          "checksum": "4dafd30d120f3e99f6ff8fe4907ca427"
        },
        {
          "type": "icon",
          "assetId": "ut5tcmzu6",
          "checksum": "b40705c27e8618336d45faccb8ea4540"
        },
        {
          "type": "icon",
          "assetId": "GTTxKOnNw",
          "checksum": "9e4989e7319188070528bdd5b788544c"
        },
        {
          "type": "icon",
          "assetId": "J71R-Vsqa",
          "checksum": "91df90cbddcff539c2263e0d30f4f7e6"
        },
        {
          "type": "icon",
          "assetId": "Bnle9jB2l",
          "checksum": "4ae504437cb0b8458818bb2bce3edbab"
        },
        {
          "type": "image",
          "assetId": "3XbwoOxJD",
          "checksum": "433f681754d4c906d9ca55d86652c68b"
        },
        {
          "type": "image",
          "assetId": "OjHzInVg0",
          "checksum": "b9e3a28c95701b67ada3cc17c8edf360"
        },
        {
          "type": "image",
          "assetId": "HLKiw95sN",
          "checksum": "2f0ee0291564c8b5f8d058a147311f46"
        },
        {
          "type": "image",
          "assetId": "-MeRKtEGJ",
          "checksum": "6d113b493a09599d43a9639d4ab4031c"
        },
        {
          "type": "image",
          "assetId": "5ylO9fmU9",
          "checksum": "c2fea5db544f89a749bff4bd4387edcb"
        },
        {
          "type": "icon",
          "assetId": "vWzO5bS_2",
          "checksum": "0d0ebbe33e655f71bcfa74aa439c9ee8"
        },
        {
          "type": "icon",
          "assetId": "Ul3jjtIQF",
          "checksum": "96dd07d216954199f2c0d9492f7c607f"
        },
        {
          "assetId": "9mqNJRrUCJdF1Qi4kUEnK1",
          "type": "projectCss",
          "checksum": "f6cae5fd2eeb2858bcf9081c052394d0"
        }
      ]
    },
    {
      "projectId": "cZvgi7fsWKqWqy5TXtQdgQ",
      "version": "2.1.0",
      "dependencies": {},
      "lang": "ts",
      "fileLocks": [
        {
          "type": "globalVariant",
          "assetId": "8D6YF60RGqb",
          "checksum": "329b16be82a5618529e6bcf1c0f92131"
        }
      ]
    }
  ],
  "cliVersion": "0.1.166"
}
